
Microsoft Visual Studio Solution File, Format Version 12.00
# Visual Studio 15
VisualStudioVersion = 15.0.33026.149
MinimumVisualStudioVersion = 10.0.40219.1
Project("{FAE04EC0-301F-11D3-BF4B-00C04F79EFBC}") = "OnlineInventory", "OnlineInventory\OnlineInventory.csproj", "{07B6A765-9BDF-4A5A-A1A8-F4C930B8ACF8}"
EndProject
Global
	GlobalSection(SolutionConfigurationPlatforms) = preSolution
		Debug|Any CPU = Debug|Any CPU
		Release|Any CPU = Release|Any CPU
	EndGlobalSection
	GlobalSection(ProjectConfigurationPlatforms) = postSolution
		{07B6A765-9BDF-4A5A-A1A8-F4C930B8ACF8}.Debug|Any CPU.ActiveCfg = Debug|Any CPU
		{07B6A765-9BDF-4A5A-A1A8-F4C930B8ACF8}.Debug|Any CPU.Build.0 = Debug|Any CPU
		{07B6A765-9BDF-4A5A-A1A8-F4C930B8ACF8}.Release|Any CPU.ActiveCfg = Release|Any CPU
		{07B6A765-9BDF-4A5A-A1A8-F4C930B8ACF8}.Release|Any CPU.Build.0 = Release|Any CPU
	EndGlobalSection
	GlobalSection(SolutionProperties) = preSolution
		HideSolutionNode = FALSE
	EndGlobalSection
	GlobalSection(ExtensibilityGlobals) = postSolution
		SolutionGuid = {E32342CE-6F53-480F-A49D-530C9D06FCC6}
	EndGlobalSection
EndGlobal
